// !$*UTF8*$!
{
	archiveVersion = 1;
	classes = {
	};
	objectVersion = 46;
	objects = {

/* Begin PBXBuildFile section */
		81DE7AF41DACE50500B22D5E /* main.m in Sources */ = {isa = PBXBuildFile; fileRef = 81DE7AF31DACE50500B22D5E /* main.m */; };
		81DE7AF71DACE50500B22D5E /* AppDelegate.m in Sources */ = {isa = PBXBuildFile; fileRef = 81DE7AF61DACE50500B22D5E /* AppDelegate.m */; };
		81DE7AFF1DACE50500B22D5E /* Assets.xcassets in Resources */ = {isa = PBXBuildFile; fileRef = 81DE7AFE1DACE50500B22D5E /* Assets.xcassets */; };
		81DE7B021DACE50500B22D5E /* LaunchScreen.storyboard in Resources */ = {isa = PBXBuildFile; fileRef = 81DE7B001DACE50500B22D5E /* LaunchScreen.storyboard */; };
		81DE7B0D1DACE50500B22D5E /* QQShareDemoTests.m in Sources */ = {isa = PBXBuildFile; fileRef = 81DE7B0C1DACE50500B22D5E /* QQShareDemoTests.m */; };
		81DE7B181DACE50500B22D5E /* QQShareDemoUITests.m in Sources */ = {isa = PBXBuildFile; fileRef = 81DE7B171DACE50500B22D5E /* QQShareDemoUITests.m */; };
		81DE7B391DAE399700B22D5E /* Security.framework in Frameworks */ = {isa = PBXBuildFile; fileRef = 81DE7B381DAE399700B22D5E /* Security.framework */; };
		81DE7B3B1DAE39EC00B22D5E /* libiconv.tbd in Frameworks */ = {isa = PBXBuildFile; fileRef = 81DE7B3A1DAE39EC00B22D5E /* libiconv.tbd */; };
		81DE7B3D1DAE3A0C00B22D5E /* SystemConfiguration.framework in Frameworks */ = {isa = PBXBuildFile; fileRef = 81DE7B3C1DAE3A0C00B22D5E /* SystemConfiguration.framework */; };
		81DE7B3F1DAE3A1400B22D5E /* CoreGraphics.framework in Frameworks */ = {isa = PBXBuildFile; fileRef = 81DE7B3E1DAE3A1400B22D5E /* CoreGraphics.framework */; };
		81DE7B411DAE3A2700B22D5E /* libsqlite3.tbd in Frameworks */ = {isa = PBXBuildFile; fileRef = 81DE7B401DAE3A2700B22D5E /* libsqlite3.tbd */; };
		81DE7B431DAE3A2F00B22D5E /* CoreTelephony.framework in Frameworks */ = {isa = PBXBuildFile; fileRef = 81DE7B421DAE3A2F00B22D5E /* CoreTelephony.framework */; };
		81DE7B451DAE3A4B00B22D5E /* libstdc++.tbd in Frameworks */ = {isa = PBXBuildFile; fileRef = 81DE7B441DAE3A4B00B22D5E /* libstdc++.tbd */; };
		81DE7B471DAE3A5700B22D5E /* libz.tbd in Frameworks */ = {isa = PBXBuildFile; fileRef = 81DE7B461DAE3A5700B22D5E /* libz.tbd */; };
		81DE7B491DAE3B3200B22D5E /* TencentOpenApi_IOS_Bundle.bundle in Resources */ = {isa = PBXBuildFile; fileRef = 81DE7B481DAE3B3200B22D5E /* TencentOpenApi_IOS_Bundle.bundle */; };
		81DE7B4D1DAE3F5400B22D5E /* TencentOpenAPI.framework in Frameworks */ = {isa = PBXBuildFile; fileRef = 81DE7B4B1DAE3F5400B22D5E /* TencentOpenAPI.framework */; };
		81DE7B4E1DAE3F5400B22D5E /* TencentOpenApi_IOS_Bundle.bundle in Resources */ = {isa = PBXBuildFile; fileRef = 81DE7B4C1DAE3F5400B22D5E /* TencentOpenApi_IOS_Bundle.bundle */; };
		81DE7B571DAE42D000B22D5E /* QQShareForTextController.m in Sources */ = {isa = PBXBuildFile; fileRef = 81DE7B551DAE42D000B22D5E /* QQShareForTextController.m */; };
		81DE7B581DAE42D000B22D5E /* QQShareForTextController.xib in Resources */ = {isa = PBXBuildFile; fileRef = 81DE7B561DAE42D000B22D5E /* QQShareForTextController.xib */; };
/* End PBXBuildFile section */

/* Begin PBXContainerItemProxy section */
		81DE7B091DACE50500B22D5E /* PBXContainerItemProxy */ = {
			isa = PBXContainerItemProxy;
			containerPortal = 81DE7AE71DACE50500B22D5E /* Project object */;
			proxyType = 1;
			remoteGlobalIDString = 81DE7AEE1DACE50500B22D5E;
			remoteInfo = QQShareDemo;
		};
		81DE7B141DACE50500B22D5E /* PBXContainerItemProxy */ = {
			isa = PBXContainerItemProxy;
			containerPortal = 81DE7AE71DACE50500B22D5E /* Project object */;
			proxyType = 1;
			remoteGlobalIDString = 81DE7AEE1DACE50500B22D5E;
			remoteInfo = QQShareDemo;
		};
/* End PBXContainerItemProxy section */

/* Begin PBXFileReference section */
		81DE7AEF1DACE50500B22D5E /* QQShareDemo.app */ = {isa = PBXFileReference; explicitFileType = wrapper.application; includeInIndex = 0; path = QQShareDemo.app; sourceTree = BUILT_PRODUCTS_DIR; };
		81DE7AF31DACE50500B22D5E /* main.m */ = {isa = PBXFileReference; lastKnownFileType = sourcecode.c.objc; path = main.m; sourceTree = "<group>"; };
		81DE7AF51DACE50500B22D5E /* AppDelegate.h */ = {isa = PBXFileReference; lastKnownFileType = sourcecode.c.h; path = AppDelegate.h; sourceTree = "<group>"; };
		81DE7AF61DACE50500B22D5E /* AppDelegate.m */ = {isa = PBXFileReference; lastKnownFileType = sourcecode.c.objc; path = AppDelegate.m; sourceTree = "<group>"; };
		81DE7AFE1DACE50500B22D5E /* Assets.xcassets */ = {isa = PBXFileReference; lastKnownFileType = folder.assetcatalog; path = Assets.xcassets; sourceTree = "<group>"; };
		81DE7B011DACE50500B22D5E /* Base */ = {isa = PBXFileReference; lastKnownFileType = file.storyboard; name = Base; path = Base.lproj/LaunchScreen.storyboard; sourceTree = "<group>"; };
		81DE7B031DACE50500B22D5E /* Info.plist */ = {isa = PBXFileReference; lastKnownFileType = text.plist.xml; path = Info.plist; sourceTree = "<group>"; };
		81DE7B081DACE50500B22D5E /* QQShareDemoTests.xctest */ = {isa = PBXFileReference; explicitFileType = wrapper.cfbundle; includeInIndex = 0; path = QQShareDemoTests.xctest; sourceTree = BUILT_PRODUCTS_DIR; };
		81DE7B0C1DACE50500B22D5E /* QQShareDemoTests.m */ = {isa = PBXFileReference; lastKnownFileType = sourcecode.c.objc; path = QQShareDemoTests.m; sourceTree = "<group>"; };
		81DE7B0E1DACE50500B22D5E /* Info.plist */ = {isa = PBXFileReference; lastKnownFileType = text.plist.xml; path = Info.plist; sourceTree = "<group>"; };
		81DE7B131DACE50500B22D5E /* QQShareDemoUITests.xctest */ = {isa = PBXFileReference; explicitFileType = wrapper.cfbundle; includeInIndex = 0; path = QQShareDemoUITests.xctest; sourceTree = BUILT_PRODUCTS_DIR; };
		81DE7B171DACE50500B22D5E /* QQShareDemoUITests.m */ = {isa = PBXFileReference; lastKnownFileType = sourcecode.c.objc; path = QQShareDemoUITests.m; sourceTree = "<group>"; };
		81DE7B191DACE50500B22D5E /* Info.plist */ = {isa = PBXFileReference; lastKnownFileType = text.plist.xml; path = Info.plist; sourceTree = "<group>"; };
		81DE7B381DAE399700B22D5E /* Security.framework */ = {isa = PBXFileReference; lastKnownFileType = wrapper.framework; name = Security.framework; path = System/Library/Frameworks/Security.framework; sourceTree = SDKROOT; };
		81DE7B3A1DAE39EC00B22D5E /* libiconv.tbd */ = {isa = PBXFileReference; lastKnownFileType = "sourcecode.text-based-dylib-definition"; name = libiconv.tbd; path = usr/lib/libiconv.tbd; sourceTree = SDKROOT; };
		81DE7B3C1DAE3A0C00B22D5E /* SystemConfiguration.framework */ = {isa = PBXFileReference; lastKnownFileType = wrapper.framework; name = SystemConfiguration.framework; path = System/Library/Frameworks/SystemConfiguration.framework; sourceTree = SDKROOT; };
		81DE7B3E1DAE3A1400B22D5E /* CoreGraphics.framework */ = {isa = PBXFileReference; lastKnownFileType = wrapper.framework; name = CoreGraphics.framework; path = System/Library/Frameworks/CoreGraphics.framework; sourceTree = SDKROOT; };
		81DE7B401DAE3A2700B22D5E /* libsqlite3.tbd */ = {isa = PBXFileReference; lastKnownFileType = "sourcecode.text-based-dylib-definition"; name = libsqlite3.tbd; path = usr/lib/libsqlite3.tbd; sourceTree = SDKROOT; };
		81DE7B421DAE3A2F00B22D5E /* CoreTelephony.framework */ = {isa = PBXFileReference; lastKnownFileType = wrapper.framework; name = CoreTelephony.framework; path = System/Library/Frameworks/CoreTelephony.framework; sourceTree = SDKROOT; };
		81DE7B441DAE3A4B00B22D5E /* libstdc++.tbd */ = {isa = PBXFileReference; lastKnownFileType = "sourcecode.text-based-dylib-definition"; name = "libstdc++.tbd"; path = "usr/lib/libstdc++.tbd"; sourceTree = SDKROOT; };
		81DE7B461DAE3A5700B22D5E /* libz.tbd */ = {isa = PBXFileReference; lastKnownFileType = "sourcecode.text-based-dylib-definition"; name = libz.tbd; path = usr/lib/libz.tbd; sourceTree = SDKROOT; };
		81DE7B481DAE3B3200B22D5E /* TencentOpenApi_IOS_Bundle.bundle */ = {isa = PBXFileReference; lastKnownFileType = "wrapper.plug-in"; name = TencentOpenApi_IOS_Bundle.bundle; path = ../../../../Downloads/iOS_SDK_V3.1.0/TencentOpenApi_IOS_Bundle.bundle; sourceTree = "<group>"; };
		81DE7B4B1DAE3F5400B22D5E /* TencentOpenAPI.framework */ = {isa = PBXFileReference; lastKnownFileType = wrapper.framework; path = TencentOpenAPI.framework; sourceTree = "<group>"; };
		81DE7B4C1DAE3F5400B22D5E /* TencentOpenApi_IOS_Bundle.bundle */ = {isa = PBXFileReference; lastKnownFileType = "wrapper.plug-in"; path = TencentOpenApi_IOS_Bundle.bundle; sourceTree = "<group>"; };
		81DE7B541DAE42D000B22D5E /* QQShareForTextController.h */ = {isa = PBXFileReference; fileEncoding = 4; lastKnownFileType = sourcecode.c.h; path = QQShareForTextController.h; sourceTree = "<group>"; };
		81DE7B551DAE42D000B22D5E /* QQShareForTextController.m */ = {isa = PBXFileReference; fileEncoding = 4; lastKnownFileType = sourcecode.c.objc; path = QQShareForTextController.m; sourceTree = "<group>"; };
		81DE7B561DAE42D000B22D5E /* QQShareForTextController.xib */ = {isa = PBXFileReference; fileEncoding = 4; lastKnownFileType = file.xib; path = QQShareForTextController.xib; sourceTree = "<group>"; };
/* End PBXFileReference section */

/* Begin PBXFrameworksBuildPhase section */
		81DE7AEC1DACE50500B22D5E /* Frameworks */ = {
			isa = PBXFrameworksBuildPhase;
			buildActionMask = 2147483647;
			files = (
				81DE7B3D1DAE3A0C00B22D5E /* SystemConfiguration.framework in Frameworks */,
				81DE7B4D1DAE3F5400B22D5E /* TencentOpenAPI.framework in Frameworks */,
				81DE7B471DAE3A5700B22D5E /* libz.tbd in Frameworks */,
				81DE7B451DAE3A4B00B22D5E /* libstdc++.tbd in Frameworks */,
				81DE7B431DAE3A2F00B22D5E /* CoreTelephony.framework in Frameworks */,
				81DE7B411DAE3A2700B22D5E /* libsqlite3.tbd in Frameworks */,
				81DE7B3F1DAE3A1400B22D5E /* CoreGraphics.framework in Frameworks */,
				81DE7B3B1DAE39EC00B22D5E /* libiconv.tbd in Frameworks */,
				81DE7B391DAE399700B22D5E /* Security.framework in Frameworks */,
			);
			runOnlyForDeploymentPostprocessing = 0;
		};
		81DE7B051DACE50500B22D5E /* Frameworks */ = {
			isa = PBXFrameworksBuildPhase;
			buildActionMask = 2147483647;
			files = (
			);
			runOnlyForDeploymentPostprocessing = 0;
		};
		81DE7B101DACE50500B22D5E /* Frameworks */ = {
			isa = PBXFrameworksBuildPhase;
			buildActionMask = 2147483647;
			files = (
			);
			runOnlyForDeploymentPostprocessing = 0;
		};
/* End PBXFrameworksBuildPhase section */

/* Begin PBXGroup section */
		81DE7AE61DACE50500B22D5E = {
			isa = PBXGroup;
			children = (
				81DE7B481DAE3B3200B22D5E /* TencentOpenApi_IOS_Bundle.bundle */,
				81DE7AF11DACE50500B22D5E /* QQShareDemo */,
				81DE7B0B1DACE50500B22D5E /* QQShareDemoTests */,
				81DE7B161DACE50500B22D5E /* QQShareDemoUITests */,
				81DE7AF01DACE50500B22D5E /* Products */,
				81DE7B371DAE399700B22D5E /* Frameworks */,
			);
			sourceTree = "<group>";
		};
		81DE7AF01DACE50500B22D5E /* Products */ = {
			isa = PBXGroup;
			children = (
				81DE7AEF1DACE50500B22D5E /* QQShareDemo.app */,
				81DE7B081DACE50500B22D5E /* QQShareDemoTests.xctest */,
				81DE7B131DACE50500B22D5E /* QQShareDemoUITests.xctest */,
			);
			name = Products;
			sourceTree = "<group>";
		};
		81DE7AF11DACE50500B22D5E /* QQShareDemo */ = {
			isa = PBXGroup;
			children = (
				81DE7B4A1DAE3F5400B22D5E /* Frameworks */,
				81DE7AF51DACE50500B22D5E /* AppDelegate.h */,
				81DE7AF61DACE50500B22D5E /* AppDelegate.m */,
				81DE7B541DAE42D000B22D5E /* QQShareForTextController.h */,
				81DE7B551DAE42D000B22D5E /* QQShareForTextController.m */,
				81DE7B561DAE42D000B22D5E /* QQShareForTextController.xib */,
				81DE7AFE1DACE50500B22D5E /* Assets.xcassets */,
				81DE7B001DACE50500B22D5E /* LaunchScreen.storyboard */,
				81DE7B031DACE50500B22D5E /* Info.plist */,
				81DE7AF21DACE50500B22D5E /* Supporting Files */,
			);
			path = QQShareDemo;
			sourceTree = "<group>";
		};
		81DE7AF21DACE50500B22D5E /* Supporting Files */ = {
			isa = PBXGroup;
			children = (
				81DE7AF31DACE50500B22D5E /* main.m */,
			);
			name = "Supporting Files";
			sourceTree = "<group>";
		};
		81DE7B0B1DACE50500B22D5E /* QQShareDemoTests */ = {
			isa = PBXGroup;
			children = (
				81DE7B0C1DACE50500B22D5E /* QQShareDemoTests.m */,
				81DE7B0E1DACE50500B22D5E /* Info.plist */,
			);
			path = QQShareDemoTests;
			sourceTree = "<group>";
		};
		81DE7B161DACE50500B22D5E /* QQShareDemoUITests */ = {
			isa = PBXGroup;
			children = (
				81DE7B171DACE50500B22D5E /* QQShareDemoUITests.m */,
				81DE7B191DACE50500B22D5E /* Info.plist */,
			);
			path = QQShareDemoUITests;
			sourceTree = "<group>";
		};
		81DE7B371DAE399700B22D5E /* Frameworks */ = {
			isa = PBXGroup;
			children = (
				81DE7B461DAE3A5700B22D5E /* libz.tbd */,
				81DE7B441DAE3A4B00B22D5E /* libstdc++.tbd */,
				81DE7B421DAE3A2F00B22D5E /* CoreTelephony.framework */,
				81DE7B401DAE3A2700B22D5E /* libsqlite3.tbd */,
				81DE7B3E1DAE3A1400B22D5E /* CoreGraphics.framework */,
				81DE7B3C1DAE3A0C00B22D5E /* SystemConfiguration.framework */,
				81DE7B3A1DAE39EC00B22D5E /* libiconv.tbd */,
				81DE7B381DAE399700B22D5E /* Security.framework */,
			);
			name = Frameworks;
			sourceTree = "<group>";
		};
		81DE7B4A1DAE3F5400B22D5E /* Frameworks */ = {
			isa = PBXGroup;
			children = (
				81DE7B4B1DAE3F5400B22D5E /* TencentOpenAPI.framework */,
				81DE7B4C1DAE3F5400B22D5E /* TencentOpenApi_IOS_Bundle.bundle */,
			);
			path = Frameworks;
			sourceTree = "<group>";
		};
/* End PBXGroup section */

/* Begin PBXNativeTarget section */
		81DE7AEE1DACE50500B22D5E /* QQShareDemo */ = {
			isa = PBXNativeTarget;
			buildConfigurationList = 81DE7B1C1DACE50500B22D5E /* Build configuration list for PBXNativeTarget "QQShareDemo" */;
			buildPhases = (
				81DE7AEB1DACE50500B22D5E /* Sources */,
				81DE7AEC1DACE50500B22D5E /* Frameworks */,
				81DE7AED1DACE50500B22D5E /* Resources */,
			);
			buildRules = (
			);
			dependencies = (
			);
			name = QQShareDemo;
			productName = QQShareDemo;
			productReference = 81DE7AEF1DACE50500B22D5E /* QQShareDemo.app */;
			productType = "com.apple.product-type.application";
		};
		81DE7B071DACE50500B22D5E /* QQShareDemoTests */ = {
			isa = PBXNativeTarget;
			buildConfigurationList = 81DE7B1F1DACE50500B22D5E /* Build configuration list for PBXNativeTarget "QQShareDemoTests" */;
			buildPhases = (
				81DE7B041DACE50500B22D5E /* Sources */,
				81DE7B051DACE50500B22D5E /* Frameworks */,
				81DE7B061DACE50500B22D5E /* Resources */,
			);
			buildRules = (
			);
			dependencies = (
				81DE7B0A1DACE50500B22D5E /* PBXTargetDependency */,
			);
			name = QQShareDemoTests;
			productName = QQShareDemoTests;
			productReference = 81DE7B081DACE50500B22D5E /* QQShareDemoTests.xctest */;
			productType = "com.apple.product-type.bundle.unit-test";
		};
		81DE7B121DACE50500B22D5E /* QQShareDemoUITests */ = {
			isa = PBXNativeTarget;
			buildConfigurationList = 81DE7B221DACE50500B22D5E /* Build configuration list for PBXNativeTarget "QQShareDemoUITests" */;
			buildPhases = (
				81DE7B0F1DACE50500B22D5E /* Sources */,
				81DE7B101DACE50500B22D5E /* Frameworks */,
				81DE7B111DACE50500B22D5E /* Resources */,
			);
			buildRules = (
			);
			dependencies = (
				81DE7B151DACE50500B22D5E /* PBXTargetDependency */,
			);
			name = QQShareDemoUITests;
			productName = QQShareDemoUITests;
			productReference = 81DE7B131DACE50500B22D5E /* QQShareDemoUITests.xctest */;
			productType = "com.apple.product-type.bundle.ui-testing";
		};
/* End PBXNativeTarget section */

/* Begin PBXProject section */
		81DE7AE71DACE50500B22D5E /* Project object */ = {
			isa = PBXProject;
			attributes = {
				LastUpgradeCheck = 0800;
				ORGANIZATIONNAME = zyApp;
				TargetAttributes = {
					81DE7AEE1DACE50500B22D5E = {
						CreatedOnToolsVersion = 8.0;
						DevelopmentTeam = 4PKVLA523H;
						ProvisioningStyle = Automatic;
					};
					81DE7B071DACE50500B22D5E = {
						CreatedOnToolsVersion = 8.0;
						DevelopmentTeam = 4PKVLA523H;
						ProvisioningStyle = Automatic;
						TestTargetID = 81DE7AEE1DACE50500B22D5E;
					};
					81DE7B121DACE50500B22D5E = {
						CreatedOnToolsVersion = 8.0;
						DevelopmentTeam = 4PKVLA523H;
						ProvisioningStyle = Automatic;
						TestTargetID = 81DE7AEE1DACE50500B22D5E;
					};
				};
			};
			buildConfigurationList = 81DE7AEA1DACE50500B22D5E /* Build configuration list for PBXProject "QQShareDemo" */;
			compatibilityVersion = "Xcode 3.2";
			developmentRegion = English;
			hasScannedForEncodings = 0;
			knownRegions = (
				en,
				Base,
			);
			mainGroup = 81DE7AE61DACE50500B22D5E;
			productRefGroup = 81DE7AF01DACE50500B22D5E /* Products */;
			projectDirPath = "";
			projectRoot = "";
			targets = (
				81DE7AEE1DACE50500B22D5E /* QQShareDemo */,
				81DE7B071DACE50500B22D5E /* QQShareDemoTests */,
				81DE7B121DACE50500B22D5E /* QQShareDemoUITests */,
			);
		};
/* End PBXProject section */

/* Begin PBXResourcesBuildPhase section */
		81DE7AED1DACE50500B22D5E /* Resources */ = {
			isa = PBXResourcesBuildPhase;
			buildActionMask = 2147483647;
			files = (
				81DE7B491DAE3B3200B22D5E /* TencentOpenApi_IOS_Bundle.bundle in Resources */,
				81DE7B021DACE50500B22D5E /* LaunchScreen.storyboard in Resources */,
				81DE7AFF1DACE50500B22D5E /* Assets.xcassets in Resources */,
				81DE7B4E1DAE3F5400B22D5E /* TencentOpenApi_IOS_Bundle.bundle in Resources */,
				81DE7B581DAE42D000B22D5E /* QQShareForTextController.xib in Resources */,
			);
			runOnlyForDeploymentPostprocessing = 0;
		};
		81DE7B061DACE50500B22D5E /* Resources */ = {
			isa = PBXResourcesBuildPhase;
			buildActionMask = 2147483647;
			files = (
			);
			runOnlyForDeploymentPostprocessing = 0;
		};
		81DE7B111DACE50500B22D5E /* Resources */ = {
			isa = PBXResourcesBuildPhase;
			buildActionMask = 2147483647;
			files = (
			);
			runOnlyForDeploymentPostprocessing = 0;
		};
/* End PBXResourcesBuildPhase section */

/* Begin PBXSourcesBuildPhase section */
		81DE7AEB1DACE50500B22D5E /* Sources */ = {
			isa = PBXSourcesBuildPhase;
			buildActionMask = 2147483647;
			files = (
				81DE7AF71DACE50500B22D5E /* AppDelegate.m in Sources */,
				81DE7B571DAE42D000B22D5E /* QQShareForTextController.m in Sources */,
				81DE7AF41DACE50500B22D5E /* main.m in Sources */,
			);
			runOnlyForDeploymentPostprocessing = 0;
		};
		81DE7B041DACE50500B22D5E /* Sources */ = {
			isa = PBXSourcesBuildPhase;
			buildActionMask = 2147483647;
			files = (
				81DE7B0D1DACE50500B22D5E /* QQShareDemoTests.m in Sources */,
			);
			runOnlyForDeploymentPostprocessing = 0;
		};
		81DE7B0F1DACE50500B22D5E /* Sources */ = {
			isa = PBXSourcesBuildPhase;
			buildActionMask = 2147483647;
			files = (
				81DE7B181DACE50500B22D5E /* QQShareDemoUITests.m in Sources */,
			);
			runOnlyForDeploymentPostprocessing = 0;
		};
/* End PBXSourcesBuildPhase section */

/* Begin PBXTargetDependency section */
		81DE7B0A1DACE50500B22D5E /* PBXTargetDependency */ = {
			isa = PBXTargetDependency;
			target = 81DE7AEE1DACE50500B22D5E /* QQShareDemo */;
			targetProxy = 81DE7B091DACE50500B22D5E /* PBXContainerItemProxy */;
		};
		81DE7B151DACE50500B22D5E /* PBXTargetDependency */ = {
			isa = PBXTargetDependency;
			target = 81DE7AEE1DACE50500B22D5E /* QQShareDemo */;
			targetProxy = 81DE7B141DACE50500B22D5E /* PBXContainerItemProxy */;
		};
/* End PBXTargetDependency section */

/* Begin PBXVariantGroup section */
		81DE7B001DACE50500B22D5E /* LaunchScreen.storyboard */ = {
			isa = PBXVariantGroup;
			children = (
				81DE7B011DACE50500B22D5E /* Base */,
			);
			name = LaunchScreen.storyboard;
			sourceTree = "<group>";
		};
/* End PBXVariantGroup section */

/* Begin XCBuildConfiguration section */
		81DE7B1A1DACE50500B22D5E /* Debug */ = {
			isa = XCBuildConfiguration;
			buildSettings = {
				ALWAYS_SEARCH_USER_PATHS = NO;
				CLANG_ANALYZER_NONNULL = YES;
				CLANG_CXX_LANGUAGE_STANDARD = "gnu++0x";
				CLANG_CXX_LIBRARY = "libc++";
				CLANG_ENABLE_MODULES = YES;
				CLANG_ENABLE_OBJC_ARC = YES;
				CLANG_WARN_BOOL_CONVERSION = YES;
				CLANG_WARN_CONSTANT_CONVERSION = YES;
				CLANG_WARN_DIRECT_OBJC_ISA_USAGE = YES_ERROR;
				CLANG_WARN_DOCUMENTATION_COMMENTS = YES;
				CLANG_WARN_EMPTY_BODY = YES;
				CLANG_WARN_ENUM_CONVERSION = YES;
				CLANG_WARN_INFINITE_RECURSION = YES;
				CLANG_WARN_INT_CONVERSION = YES;
				CLANG_WARN_OBJC_ROOT_CLASS = YES_ERROR;
				CLANG_WARN_SUSPICIOUS_MOVES = YES;
				CLANG_WARN_UNREACHABLE_CODE = YES;
				CLANG_WARN__DUPLICATE_METHOD_MATCH = YES;
				"CODE_SIGN_IDENTITY[sdk=iphoneos*]" = "iPhone Developer";
				COPY_PHASE_STRIP = NO;
				DEBUG_INFORMATION_FORMAT = dwarf;
				ENABLE_STRICT_OBJC_MSGSEND = YES;
				ENABLE_TESTABILITY = YES;
				GCC_C_LANGUAGE_STANDARD = gnu99;
				GCC_DYNAMIC_NO_PIC = NO;
				GCC_NO_COMMON_BLOCKS = YES;
				GCC_OPTIMIZATION_LEVEL = 0;
				GCC_PREPROCESSOR_DEFINITIONS = (
					"DEBUG=1",
					"$(inherited)",
				);
				GCC_WARN_64_TO_32_BIT_CONVERSION = YES;
				GCC_WARN_ABOUT_RETURN_TYPE = YES_ERROR;
				GCC_WARN_UNDECLARED_SELECTOR = YES;
				GCC_WARN_UNINITIALIZED_AUTOS = YES_AGGRESSIVE;
				GCC_WARN_UNUSED_FUNCTION = YES;
				GCC_WARN_UNUSED_VARIABLE = YES;
				IPHONEOS_DEPLOYMENT_TARGET = 10.0;
				MTL_ENABLE_DEBUG_INFO = YES;
				ONLY_ACTIVE_ARCH = YES;
				SDKROOT = iphoneos;
			};
			name = Debug;
		};
		81DE7B1B1DACE50500B22D5E /* Release */ = {
			isa = XCBuildConfiguration;
			buildSettings = {
				ALWAYS_SEARCH_USER_PATHS = NO;
				CLANG_ANALYZER_NONNULL = YES;
				CLANG_CXX_LANGUAGE_STANDARD = "gnu++0x";
				CLANG_CXX_LIBRARY = "libc++";
				CLANG_ENABLE_MODULES = YES;
				CLANG_ENABLE_OBJC_ARC = YES;
				CLANG_WARN_BOOL_CONVERSION = YES;
				CLANG_WARN_CONSTANT_CONVERSION = YES;
				CLANG_WARN_DIRECT_OBJC_ISA_USAGE = YES_ERROR;
				CLANG_WARN_DOCUMENTATION_COMMENTS = YES;
				CLANG_WARN_EMPTY_BODY = YES;
				CLANG_WARN_ENUM_CONVERSION = YES;
				CLANG_WARN_INFINITE_RECURSION = YES;
				CLANG_WARN_INT_CONVERSION = YES;
				CLANG_WARN_OBJC_ROOT_CLASS = YES_ERROR;
				CLANG_WARN_SUSPICIOUS_MOVES = YES;
				CLANG_WARN_UNREACHABLE_CODE = YES;
				CLANG_WARN__DUPLICATE_METHOD_MATCH = YES;
				"CODE_SIGN_IDENTITY[sdk=iphoneos*]" = "iPhone Developer";
				COPY_PHASE_STRIP = NO;
				DEBUG_INFORMATION_FORMAT = "dwarf-with-dsym";
				ENABLE_NS_ASSERTIONS = NO;
				ENABLE_STRICT_OBJC_MSGSEND = YES;
				GCC_C_LANGUAGE_STANDARD = gnu99;
				GCC_NO_COMMON_BLOCKS = YES;
				GCC_WARN_64_TO_32_BIT_CONVERSION = YES;
				GCC_WARN_ABOUT_RETURN_TYPE = YES_ERROR;
				GCC_WARN_UNDECLARED_SELECTOR = YES;
				GCC_WARN_UNINITIALIZED_AUTOS = YES_AGGRESSIVE;
				GCC_WARN_UNUSED_FUNCTION = YES;
				GCC_WARN_UNUSED_VARIABLE = YES;
				IPHONEOS_DEPLOYMENT_TARGET = 10.0;
				MTL_ENABLE_DEBUG_INFO = NO;
				SDKROOT = iphoneos;
				VALIDATE_PRODUCT = YES;
			};
			name = Release;
		};
		81DE7B1D1DACE50500B22D5E /* Debug */ = {
			isa = XCBuildConfiguration;
			buildSettings = {
				ASSETCATALOG_COMPILER_APPICON_NAME = AppIcon;
				DEVELOPMENT_TEAM = 4PKVLA523H;
				FRAMEWORK_SEARCH_PATHS = (
					"$(inherited)",
					"$(PROJECT_DIR)/QQShareDemo/Frameworks",
				);
				INFOPLIST_FILE = QQShareDemo/Info.plist;
				IPHONEOS_DEPLOYMENT_TARGET = 8.0;
				LD_RUNPATH_SEARCH_PATHS = "$(inherited) @executable_path/Frameworks";
				OTHER_LDFLAGS = "-fobjc-arc";
				PRODUCT_BUNDLE_IDENTIFIER = com.world.QQShareDemo;
				PRODUCT_NAME = "$(TARGET_NAME)";
			};
			name = Debug;
		};
		81DE7B1E1DACE50500B22D5E /* Release */ = {
			isa = XCBuildConfiguration;
			buildSettings = {
				ASSETCATALOG_COMPILER_APPICON_NAME = AppIcon;
				DEVELOPMENT_TEAM = 4PKVLA523H;
				FRAMEWORK_SEARCH_PATHS = (
					"$(inherited)",
					"$(PROJECT_DIR)/QQShareDemo/Frameworks",
				);
				INFOPLIST_FILE = QQShareDemo/Info.plist;
				IPHONEOS_DEPLOYMENT_TARGET = 8.0;
				LD_RUNPATH_SEARCH_PATHS = "$(inherited) @executable_path/Frameworks";
				OTHER_LDFLAGS = "-fobjc-arc";
				PRODUCT_BUNDLE_IDENTIFIER = com.world.QQShareDemo;
				PRODUCT_NAME = "$(TARGET_NAME)";
			};
			name = Release;
		};
		81DE7B201DACE50500B22D5E /* Debug */ = {
			isa = XCBuildConfiguration;
			buildSettings = {
				BUNDLE_LOADER = "$(TEST_HOST)";
				DEVELOPMENT_TEAM = 4PKVLA523H;
				INFOPLIST_FILE = QQShareDemoTests/Info.plist;
				LD_RUNPATH_SEARCH_PATHS = "$(inherited) @executable_path/Frameworks @loader_path/Frameworks";
				PRODUCT_BUNDLE_IDENTIFIER = com.world.QQShareDemoTests;
				PRODUCT_NAME = "$(TARGET_NAME)";
				TEST_HOST = "$(BUILT_PRODUCTS_DIR)/QQShareDemo.app/QQShareDemo";
			};
			name = Debug;
		};
		81DE7B211DACE50500B22D5E /* Release */ = {
			isa = XCBuildConfiguration;
			buildSettings = {
				BUNDLE_LOADER = "$(TEST_HOST)";
				DEVELOPMENT_TEAM = 4PKVLA523H;
				INFOPLIST_FILE = QQShareDemoTests/Info.plist;
				LD_RUNPATH_SEARCH_PATHS = "$(inherited) @executable_path/Frameworks @loader_path/Frameworks";
				PRODUCT_BUNDLE_IDENTIFIER = com.world.QQShareDemoTests;
				PRODUCT_NAME = "$(TARGET_NAME)";
				TEST_HOST = "$(BUILT_PRODUCTS_DIR)/QQShareDemo.app/QQShareDemo";
			};
			name = Release;
		};
		81DE7B231DACE50500B22D5E /* Debug */ = {
			isa = XCBuildConfiguration;
			buildSettings = {
				DEVELOPMENT_TEAM = 4PKVLA523H;
				INFOPLIST_FILE = QQShareDemoUITests/Info.plist;
				LD_RUNPATH_SEARCH_PATHS = "$(inherited) @executable_path/Frameworks @loader_path/Frameworks";
				PRODUCT_BUNDLE_IDENTIFIER = com.world.QQShareDemoUITests;
				PRODUCT_NAME = "$(TARGET_NAME)";
				TEST_TARGET_NAME = QQShareDemo;
			};
			name = Debug;
		};
		81DE7B241DACE50500B22D5E /* Release */ = {
			isa = XCBuildConfiguration;
			buildSettings = {
				DEVELOPMENT_TEAM = 4PKVLA523H;
				INFOPLIST_FILE = QQShareDemoUITests/Info.plist;
				LD_RUNPATH_SEARCH_PATHS = "$(inherited) @executable_path/Frameworks @loader_path/Frameworks";
				PRODUCT_BUNDLE_IDENTIFIER = com.world.QQShareDemoUITests;
				PRODUCT_NAME = "$(TARGET_NAME)";
				TEST_TARGET_NAME = QQShareDemo;
			};
			name = Release;
		};
/* End XCBuildConfiguration section */

/* Begin XCConfigurationList section */
		81DE7AEA1DACE50500B22D5E /* Build configuration list for PBXProject "QQShareDemo" */ = {
			isa = XCConfigurationList;
			buildConfigurations = (
				81DE7B1A1DACE50500B22D5E /* Debug */,
				81DE7B1B1DACE50500B22D5E /* Release */,
			);
			defaultConfigurationIsVisible = 0;
			defaultConfigurationName = Release;
		};
		81DE7B1C1DACE50500B22D5E /* Build configuration list for PBXNativeTarget "QQShareDemo" */ = {
			isa = XCConfigurationList;
			buildConfigurations = (
				81DE7B1D1DACE50500B22D5E /* Debug */,
				81DE7B1E1DACE50500B22D5E /* Release */,
			);
			defaultConfigurationIsVisible = 0;
		};
		81DE7B1F1DACE50500B22D5E /* Build configuration list for PBXNativeTarget "QQShareDemoTests" */ = {
			isa = XCConfigurationList;
			buildConfigurations = (
				81DE7B201DACE50500B22D5E /* Debug */,
				81DE7B211DACE50500B22D5E /* Release */,
			);
			defaultConfigurationIsVisible = 0;
		};
		81DE7B221DACE50500B22D5E /* Build configuration list for PBXNativeTarget "QQShareDemoUITests" */ = {
			isa = XCConfigurationList;
			buildConfigurations = (
				81DE7B231DACE50500B22D5E /* Debug */,
				81DE7B241DACE50500B22D5E /* Release */,
			);
			defaultConfigurationIsVisible = 0;
		};
/* End XCConfigurationList section */
	};
	rootObject = 81DE7AE71DACE50500B22D5E /* Project object */;
}
